{
  "name": "news",
  "version": "1.0.0",
  "lockfileVersion": 1,
  "requires": true,
  "dependencies": {
    "workbox-sw": {
      "version": "3.4.1",
      "resolved": "https://registry.npmjs.org/workbox-sw/-/workbox-sw-3.4.1.tgz",
      "integrity": "sha512-nnm2by5oaQGXRH7x4M5/n2KqjUGVmP4P8azUmJITnYa3DWVYn/ghDg3LJ5+h4A28vYq9V6ePgATaEPfb6B5pug=="
    }
  }
}
